
Microsoft Visual Studio Solution File, Format Version 12.00
# Visual Studio 2013
VisualStudioVersion = 12.0.40629.0
MinimumVisualStudioVersion = 10.0.40219.1
Project("{8BC9CEB8-8B4A-11D0-8D11-00A0C91BC942}") = "OpenGL3-3", "OpenGL3-3\OpenGL3-3.vcxproj", "{08A47D4A-CF5D-4DDE-8324-5E067FA99D85}"
EndProject
Project("{8BC9CEB8-8B4A-11D0-8D11-00A0C91BC942}") = "Lighting", "Lighting\Lighting.vcxproj", "{57FDB4BF-F725-4765-9BC8-117A3F04D082}"
EndProject
Project("{8BC9CEB8-8B4A-11D0-8D11-00A0C91BC942}") = "Model", "Model\Model.vcxproj", "{04C8C1D3-DAA8-4B70-AB6F-2A6A3823F336}"
EndProject
Project("{8BC9CEB8-8B4A-11D0-8D11-00A0C91BC942}") = "Advanced", "Advanced\Advanced.vcxproj", "{C61BE6BE-0EE9-4A86-A661-F3E8DE5F8136}"
EndProject
Project("{8BC9CEB8-8B4A-11D0-8D11-00A0C91BC942}") = "Instancing", "Instancing\Instancing.vcxproj", "{BBCF8A2A-CFD1-4B2D-8A17-8C5F88AD604D}"
EndProject
Global
	GlobalSection(SolutionConfigurationPlatforms) = preSolution
		Debug|Win32 = Debug|Win32
		Release|Win32 = Release|Win32
	EndGlobalSection
	GlobalSection(ProjectConfigurationPlatforms) = postSolution
		{08A47D4A-CF5D-4DDE-8324-5E067FA99D85}.Debug|Win32.ActiveCfg = Debug|Win32
		{08A47D4A-CF5D-4DDE-8324-5E067FA99D85}.Debug|Win32.Build.0 = Debug|Win32
		{08A47D4A-CF5D-4DDE-8324-5E067FA99D85}.Release|Win32.ActiveCfg = Release|Win32
		{08A47D4A-CF5D-4DDE-8324-5E067FA99D85}.Release|Win32.Build.0 = Release|Win32
		{08A47D4A-CF5D-4DDE-8324-5E067FA99D85}.Release|Win32.Deploy.0 = Release|Win32
		{57FDB4BF-F725-4765-9BC8-117A3F04D082}.Debug|Win32.ActiveCfg = Debug|Win32
		{57FDB4BF-F725-4765-9BC8-117A3F04D082}.Debug|Win32.Build.0 = Debug|Win32
		{57FDB4BF-F725-4765-9BC8-117A3F04D082}.Release|Win32.ActiveCfg = Release|Win32
		{57FDB4BF-F725-4765-9BC8-117A3F04D082}.Release|Win32.Build.0 = Release|Win32
		{04C8C1D3-DAA8-4B70-AB6F-2A6A3823F336}.Debug|Win32.ActiveCfg = Debug|Win32
		{04C8C1D3-DAA8-4B70-AB6F-2A6A3823F336}.Debug|Win32.Build.0 = Debug|Win32
		{04C8C1D3-DAA8-4B70-AB6F-2A6A3823F336}.Release|Win32.ActiveCfg = Release|Win32
		{04C8C1D3-DAA8-4B70-AB6F-2A6A3823F336}.Release|Win32.Build.0 = Release|Win32
		{C61BE6BE-0EE9-4A86-A661-F3E8DE5F8136}.Debug|Win32.ActiveCfg = Debug|Win32
		{C61BE6BE-0EE9-4A86-A661-F3E8DE5F8136}.Debug|Win32.Build.0 = Debug|Win32
		{C61BE6BE-0EE9-4A86-A661-F3E8DE5F8136}.Release|Win32.ActiveCfg = Release|Win32
		{C61BE6BE-0EE9-4A86-A661-F3E8DE5F8136}.Release|Win32.Build.0 = Release|Win32
		{BBCF8A2A-CFD1-4B2D-8A17-8C5F88AD604D}.Debug|Win32.ActiveCfg = Debug|Win32
		{BBCF8A2A-CFD1-4B2D-8A17-8C5F88AD604D}.Debug|Win32.Build.0 = Debug|Win32
		{BBCF8A2A-CFD1-4B2D-8A17-8C5F88AD604D}.Release|Win32.ActiveCfg = Release|Win32
		{BBCF8A2A-CFD1-4B2D-8A17-8C5F88AD604D}.Release|Win32.Build.0 = Release|Win32
	EndGlobalSection
	GlobalSection(SolutionProperties) = preSolution
		HideSolutionNode = FALSE
	EndGlobalSection
EndGlobal
